
Microsoft Visual Studio Solution File, Format Version 12.00
# Visual Studio Version 16
VisualStudioVersion = 16.0.29424.173
MinimumVisualStudioVersion = 10.0.40219.1
Project("{FAE04EC0-301F-11D3-BF4B-00C04F79EFBC}") = "Study.Common", "Study.Common\Study.Common.csproj", "{4DF3349D-DE01-4A56-993C-774DF7385F56}"
EndProject
Project("{FAE04EC0-301F-11D3-BF4B-00C04F79EFBC}") = "Study.Model", "Study.Model\Study.Model.csproj", "{E5D7A58E-795A-4813-B9C1-72A2E4BEE69B}"
EndProject
Project("{FAE04EC0-301F-11D3-BF4B-00C04F79EFBC}") = "Study.Data", "Study.Data\Study.Data.csproj", "{6C0F6E98-D92A-49DC-BEEE-D23FABF3E7D2}"
EndProject
Project("{FAE04EC0-301F-11D3-BF4B-00C04F79EFBC}") = "Study.Service", "Study.Service\Study.Service.csproj", "{A66D860E-9787-4D66-AAC7-D2049B9F05AE}"
EndProject
Project("{FAE04EC0-301F-11D3-BF4B-00C04F79EFBC}") = "Study.UnitTest", "Study.UnitTest\Study.UnitTest.csproj", "{4278E4E5-85F3-4BC5-B80A-011A6517F1D5}"
EndProject
Project("{FAE04EC0-301F-11D3-BF4B-00C04F79EFBC}") = "Study.WebApi", "Study.WebApi\Study.WebApi.csproj", "{2DB39780-4D71-430E-84A8-EC583E319F60}"
EndProject
Global
	GlobalSection(SolutionConfigurationPlatforms) = preSolution
		Debug|Any CPU = Debug|Any CPU
		Release|Any CPU = Release|Any CPU
	EndGlobalSection
	GlobalSection(ProjectConfigurationPlatforms) = postSolution
		{4DF3349D-DE01-4A56-993C-774DF7385F56}.Debug|Any CPU.ActiveCfg = Debug|Any CPU
		{4DF3349D-DE01-4A56-993C-774DF7385F56}.Debug|Any CPU.Build.0 = Debug|Any CPU
		{4DF3349D-DE01-4A56-993C-774DF7385F56}.Release|Any CPU.ActiveCfg = Release|Any CPU
		{4DF3349D-DE01-4A56-993C-774DF7385F56}.Release|Any CPU.Build.0 = Release|Any CPU
		{E5D7A58E-795A-4813-B9C1-72A2E4BEE69B}.Debug|Any CPU.ActiveCfg = Debug|Any CPU
		{E5D7A58E-795A-4813-B9C1-72A2E4BEE69B}.Debug|Any CPU.Build.0 = Debug|Any CPU
		{E5D7A58E-795A-4813-B9C1-72A2E4BEE69B}.Release|Any CPU.ActiveCfg = Release|Any CPU
		{E5D7A58E-795A-4813-B9C1-72A2E4BEE69B}.Release|Any CPU.Build.0 = Release|Any CPU
		{6C0F6E98-D92A-49DC-BEEE-D23FABF3E7D2}.Debug|Any CPU.ActiveCfg = Debug|Any CPU
		{6C0F6E98-D92A-49DC-BEEE-D23FABF3E7D2}.Debug|Any CPU.Build.0 = Debug|Any CPU
		{6C0F6E98-D92A-49DC-BEEE-D23FABF3E7D2}.Release|Any CPU.ActiveCfg = Release|Any CPU
		{6C0F6E98-D92A-49DC-BEEE-D23FABF3E7D2}.Release|Any CPU.Build.0 = Release|Any CPU
		{A66D860E-9787-4D66-AAC7-D2049B9F05AE}.Debug|Any CPU.ActiveCfg = Debug|Any CPU
		{A66D860E-9787-4D66-AAC7-D2049B9F05AE}.Debug|Any CPU.Build.0 = Debug|Any CPU
		{A66D860E-9787-4D66-AAC7-D2049B9F05AE}.Release|Any CPU.ActiveCfg = Release|Any CPU
		{A66D860E-9787-4D66-AAC7-D2049B9F05AE}.Release|Any CPU.Build.0 = Release|Any CPU
		{4278E4E5-85F3-4BC5-B80A-011A6517F1D5}.Debug|Any CPU.ActiveCfg = Debug|Any CPU
		{4278E4E5-85F3-4BC5-B80A-011A6517F1D5}.Debug|Any CPU.Build.0 = Debug|Any CPU
		{4278E4E5-85F3-4BC5-B80A-011A6517F1D5}.Release|Any CPU.ActiveCfg = Release|Any CPU
		{4278E4E5-85F3-4BC5-B80A-011A6517F1D5}.Release|Any CPU.Build.0 = Release|Any CPU
		{2DB39780-4D71-430E-84A8-EC583E319F60}.Debug|Any CPU.ActiveCfg = Debug|Any CPU
		{2DB39780-4D71-430E-84A8-EC583E319F60}.Debug|Any CPU.Build.0 = Debug|Any CPU
		{2DB39780-4D71-430E-84A8-EC583E319F60}.Release|Any CPU.ActiveCfg = Release|Any CPU
		{2DB39780-4D71-430E-84A8-EC583E319F60}.Release|Any CPU.Build.0 = Release|Any CPU
	EndGlobalSection
	GlobalSection(SolutionProperties) = preSolution
		HideSolutionNode = FALSE
	EndGlobalSection
	GlobalSection(ExtensibilityGlobals) = postSolution
		SolutionGuid = {753DEA01-955E-4589-83A8-E40268D15AB6}
	EndGlobalSection
EndGlobal
